
Microsoft Visual Studio Solution File, Format Version 11.00
# Visual Studio 2010
Project("{8BC9CEB8-8B4A-11D0-8D11-00A0C91BC942}") = "seminarka-cpu", "seminarka-cpu\seminarka-cpu.vcxproj", "{C98F0141-99E7-4F75-B5A2-5B3337CDAF12}"
EndProject
Global
	GlobalSection(SolutionConfigurationPlatforms) = preSolution
		Debug|Win32 = Debug|Win32
		Release|Win32 = Release|Win32
	EndGlobalSection
	GlobalSection(ProjectConfigurationPlatforms) = postSolution
		{C98F0141-99E7-4F75-B5A2-5B3337CDAF12}.Debug|Win32.ActiveCfg = Debug|Win32
		{C98F0141-99E7-4F75-B5A2-5B3337CDAF12}.Debug|Win32.Build.0 = Debug|Win32
		{C98F0141-99E7-4F75-B5A2-5B3337CDAF12}.Release|Win32.ActiveCfg = Release|Win32
		{C98F0141-99E7-4F75-B5A2-5B3337CDAF12}.Release|Win32.Build.0 = Release|Win32
	EndGlobalSection
	GlobalSection(SolutionProperties) = preSolution
		HideSolutionNode = FALSE
	EndGlobalSection
EndGlobal
